
Microsoft Visual Studio Solution File, Format Version 12.00
# Visual Studio Version 17
VisualStudioVersion = 17.0.31912.275
MinimumVisualStudioVersion = 10.0.40219.1
Project("{FAE04EC0-301F-11D3-BF4B-00C04F79EFBC}") = "HotelMan", "HotelMan\HotelMan.csproj", "{AD937982-573A-4A1B-9E40-607F96596E68}"
EndProject
Global
	GlobalSection(SolutionConfigurationPlatforms) = preSolution
		Debug|Any CPU = Debug|Any CPU
		Release|Any CPU = Release|Any CPU
	EndGlobalSection
	GlobalSection(ProjectConfigurationPlatforms) = postSolution
		{AD937982-573A-4A1B-9E40-607F96596E68}.Debug|Any CPU.ActiveCfg = Debug|Any CPU
		{AD937982-573A-4A1B-9E40-607F96596E68}.Debug|Any CPU.Build.0 = Debug|Any CPU
		{AD937982-573A-4A1B-9E40-607F96596E68}.Release|Any CPU.ActiveCfg = Release|Any CPU
		{AD937982-573A-4A1B-9E40-607F96596E68}.Release|Any CPU.Build.0 = Release|Any CPU
	EndGlobalSection
	GlobalSection(SolutionProperties) = preSolution
		HideSolutionNode = FALSE
	EndGlobalSection
	GlobalSection(ExtensibilityGlobals) = postSolution
		SolutionGuid = {AE004F96-DC65-4AA0-AC63-45997980BDF8}
	EndGlobalSection
EndGlobal
